
Microsoft Visual Studio Solution File, Format Version 12.00
# Visual Studio Version 17
VisualStudioVersion = 17.3.32929.385
MinimumVisualStudioVersion = 10.0.40219.1
Project("{9A19103F-16F7-4668-BE54-9A1E7A4F7556}") = "p2022_Koba_B_O_Ind_3.1", "..\p2022_Koba_B_O_Ind_3.1Old\Individual1\p2022_Koba_B_O_Ind_3.1.csproj", "{056C295D-BDA8-49D0-9E92-A9F182A25BA6}"
EndProject
Global
	GlobalSection(SolutionConfigurationPlatforms) = preSolution
		Debug|Any CPU = Debug|Any CPU
		Release|Any CPU = Release|Any CPU
	EndGlobalSection
	GlobalSection(ProjectConfigurationPlatforms) = postSolution
		{056C295D-BDA8-49D0-9E92-A9F182A25BA6}.Debug|Any CPU.ActiveCfg = Debug|Any CPU
		{056C295D-BDA8-49D0-9E92-A9F182A25BA6}.Debug|Any CPU.Build.0 = Debug|Any CPU
		{056C295D-BDA8-49D0-9E92-A9F182A25BA6}.Release|Any CPU.ActiveCfg = Release|Any CPU
		{056C295D-BDA8-49D0-9E92-A9F182A25BA6}.Release|Any CPU.Build.0 = Release|Any CPU
	EndGlobalSection
	GlobalSection(SolutionProperties) = preSolution
		HideSolutionNode = FALSE
	EndGlobalSection
	GlobalSection(ExtensibilityGlobals) = postSolution
		SolutionGuid = {883A7D05-4E52-4445-B407-EE09E188ECF8}
	EndGlobalSection
EndGlobal
